
Microsoft Visual Studio Solution File, Format Version 12.00
# Visual Studio Version 16
VisualStudioVersion = 16.0.33214.272
MinimumVisualStudioVersion = 10.0.40219.1
Project("{9A19103F-16F7-4668-BE54-9A1E7A4F7556}") = "EmployeeManagement.API", "EmployeeManagement.API\EmployeeManagement.API.csproj", "{0EFA8156-3221-4D61-AF97-1D8122D7B1A7}"
EndProject
Project("{9A19103F-16F7-4668-BE54-9A1E7A4F7556}") = "EmployeeManagement.Data", "EmployeeManagement.Data\EmployeeManagement.Data.csproj", "{68E2840A-F241-478A-B182-B923FE9DCACE}"
EndProject
Project("{9A19103F-16F7-4668-BE54-9A1E7A4F7556}") = "EmployeeManagement.Service", "EmployeeManagement.Service\EmployeeManagement.Service.csproj", "{15DF194F-8562-40AB-8E13-EE35775F1D50}"
EndProject
Global
	GlobalSection(SolutionConfigurationPlatforms) = preSolution
		Debug|Any CPU = Debug|Any CPU
		Release|Any CPU = Release|Any CPU
	EndGlobalSection
	GlobalSection(ProjectConfigurationPlatforms) = postSolution
		{0EFA8156-3221-4D61-AF97-1D8122D7B1A7}.Debug|Any CPU.ActiveCfg = Debug|Any CPU
		{0EFA8156-3221-4D61-AF97-1D8122D7B1A7}.Debug|Any CPU.Build.0 = Debug|Any CPU
		{0EFA8156-3221-4D61-AF97-1D8122D7B1A7}.Release|Any CPU.ActiveCfg = Release|Any CPU
		{0EFA8156-3221-4D61-AF97-1D8122D7B1A7}.Release|Any CPU.Build.0 = Release|Any CPU
		{68E2840A-F241-478A-B182-B923FE9DCACE}.Debug|Any CPU.ActiveCfg = Debug|Any CPU
		{68E2840A-F241-478A-B182-B923FE9DCACE}.Debug|Any CPU.Build.0 = Debug|Any CPU
		{68E2840A-F241-478A-B182-B923FE9DCACE}.Release|Any CPU.ActiveCfg = Release|Any CPU
		{68E2840A-F241-478A-B182-B923FE9DCACE}.Release|Any CPU.Build.0 = Release|Any CPU
		{15DF194F-8562-40AB-8E13-EE35775F1D50}.Debug|Any CPU.ActiveCfg = Debug|Any CPU
		{15DF194F-8562-40AB-8E13-EE35775F1D50}.Debug|Any CPU.Build.0 = Debug|Any CPU
		{15DF194F-8562-40AB-8E13-EE35775F1D50}.Release|Any CPU.ActiveCfg = Release|Any CPU
		{15DF194F-8562-40AB-8E13-EE35775F1D50}.Release|Any CPU.Build.0 = Release|Any CPU
	EndGlobalSection
	GlobalSection(SolutionProperties) = preSolution
		HideSolutionNode = FALSE
	EndGlobalSection
	GlobalSection(ExtensibilityGlobals) = postSolution
		SolutionGuid = {7233F0A9-8C41-40BB-906D-BB2613C80717}
	EndGlobalSection
EndGlobal
